
Microsoft Visual Studio Solution File, Format Version 12.00
# Visual Studio Version 16
VisualStudioVersion = 16.0.31605.320
MinimumVisualStudioVersion = 10.0.40219.1
Project("{9A19103F-16F7-4668-BE54-9A1E7A4F7556}") = "DynamicPolymorphismExample", "DynamicPolymorphismExample\DynamicPolymorphismExample.csproj", "{BAF0264F-0459-47ED-AEDE-96D34EA986BA}"
EndProject
Global
	GlobalSection(SolutionConfigurationPlatforms) = preSolution
		Debug|Any CPU = Debug|Any CPU
		Release|Any CPU = Release|Any CPU
	EndGlobalSection
	GlobalSection(ProjectConfigurationPlatforms) = postSolution
		{BAF0264F-0459-47ED-AEDE-96D34EA986BA}.Debug|Any CPU.ActiveCfg = Debug|Any CPU
		{BAF0264F-0459-47ED-AEDE-96D34EA986BA}.Debug|Any CPU.Build.0 = Debug|Any CPU
		{BAF0264F-0459-47ED-AEDE-96D34EA986BA}.Release|Any CPU.ActiveCfg = Release|Any CPU
		{BAF0264F-0459-47ED-AEDE-96D34EA986BA}.Release|Any CPU.Build.0 = Release|Any CPU
	EndGlobalSection
	GlobalSection(SolutionProperties) = preSolution
		HideSolutionNode = FALSE
	EndGlobalSection
	GlobalSection(ExtensibilityGlobals) = postSolution
		SolutionGuid = {BBD28CC7-B551-437F-BBAC-1C42C065FD9D}
	EndGlobalSection
EndGlobal
